
Microsoft Visual Studio Solution File, Format Version 12.00
# Visual Studio Version 16
VisualStudioVersion = 16.0.29519.87
MinimumVisualStudioVersion = 10.0.40219.1
Project("{FAE04EC0-301F-11D3-BF4B-00C04F79EFBC}") = "Examen", "Examen.csproj", "{0D882032-3437-4070-9FE5-FD6C43A1827D}"
EndProject
Global
	GlobalSection(SolutionConfigurationPlatforms) = preSolution
		Debug|Any CPU = Debug|Any CPU
		Release|Any CPU = Release|Any CPU
	EndGlobalSection
	GlobalSection(ProjectConfigurationPlatforms) = postSolution
		{0D882032-3437-4070-9FE5-FD6C43A1827D}.Debug|Any CPU.ActiveCfg = Debug|Any CPU
		{0D882032-3437-4070-9FE5-FD6C43A1827D}.Debug|Any CPU.Build.0 = Debug|Any CPU
		{0D882032-3437-4070-9FE5-FD6C43A1827D}.Release|Any CPU.ActiveCfg = Release|Any CPU
		{0D882032-3437-4070-9FE5-FD6C43A1827D}.Release|Any CPU.Build.0 = Release|Any CPU
	EndGlobalSection
	GlobalSection(SolutionProperties) = preSolution
		HideSolutionNode = FALSE
	EndGlobalSection
	GlobalSection(ExtensibilityGlobals) = postSolution
		SolutionGuid = {BC714D90-E358-47B2-A2B9-DEF4E72494CC}
	EndGlobalSection
EndGlobal
